
Microsoft Visual Studio Solution File, Format Version 12.00
# Visual Studio 15
VisualStudioVersion = 15.0.28307.489
MinimumVisualStudioVersion = 10.0.40219.1
Project("{FAE04EC0-301F-11D3-BF4B-00C04F79EFBC}") = "system on rent", "system on rent\system on rent.csproj", "{87D90F5C-5086-455C-A456-8A1B819B47BA}"
EndProject
Global
	GlobalSection(SolutionConfigurationPlatforms) = preSolution
		Debug|Any CPU = Debug|Any CPU
		Release|Any CPU = Release|Any CPU
	EndGlobalSection
	GlobalSection(ProjectConfigurationPlatforms) = postSolution
		{87D90F5C-5086-455C-A456-8A1B819B47BA}.Debug|Any CPU.ActiveCfg = Debug|Any CPU
		{87D90F5C-5086-455C-A456-8A1B819B47BA}.Debug|Any CPU.Build.0 = Debug|Any CPU
		{87D90F5C-5086-455C-A456-8A1B819B47BA}.Release|Any CPU.ActiveCfg = Release|Any CPU
		{87D90F5C-5086-455C-A456-8A1B819B47BA}.Release|Any CPU.Build.0 = Release|Any CPU
	EndGlobalSection
	GlobalSection(SolutionProperties) = preSolution
		HideSolutionNode = FALSE
	EndGlobalSection
	GlobalSection(ExtensibilityGlobals) = postSolution
		SolutionGuid = {58AE7117-6E56-4BF1-9677-D16C1B4A343F}
	EndGlobalSection
EndGlobal
